
Microsoft Visual Studio Solution File, Format Version 12.00
# Visual Studio Version 17
VisualStudioVersion = 17.11.35312.102
MinimumVisualStudioVersion = 10.0.40219.1
Project("{FAE04EC0-301F-11D3-BF4B-00C04F79EFBC}") = "PrefixPostfix", "PrefixPostfix\PrefixPostfix.csproj", "{717B2129-C88A-4A0B-B08D-766AC80C70DD}"
EndProject
Global
	GlobalSection(SolutionConfigurationPlatforms) = preSolution
		Debug|Any CPU = Debug|Any CPU
		Release|Any CPU = Release|Any CPU
	EndGlobalSection
	GlobalSection(ProjectConfigurationPlatforms) = postSolution
		{717B2129-C88A-4A0B-B08D-766AC80C70DD}.Debug|Any CPU.ActiveCfg = Debug|Any CPU
		{717B2129-C88A-4A0B-B08D-766AC80C70DD}.Debug|Any CPU.Build.0 = Debug|Any CPU
		{717B2129-C88A-4A0B-B08D-766AC80C70DD}.Release|Any CPU.ActiveCfg = Release|Any CPU
		{717B2129-C88A-4A0B-B08D-766AC80C70DD}.Release|Any CPU.Build.0 = Release|Any CPU
	EndGlobalSection
	GlobalSection(SolutionProperties) = preSolution
		HideSolutionNode = FALSE
	EndGlobalSection
	GlobalSection(ExtensibilityGlobals) = postSolution
		SolutionGuid = {24274C41-858F-4ABE-BC32-9123B212AA73}
	EndGlobalSection
EndGlobal
